
Microsoft Visual Studio Solution File, Format Version 12.00
# Visual Studio Version 16
VisualStudioVersion = 16.0.30204.135
MinimumVisualStudioVersion = 10.0.40219.1
Project("{9A19103F-16F7-4668-BE54-9A1E7A4F7556}") = "TheChat.Functions", "TheChat.Functions\TheChat.Functions.csproj", "{BBD9A1E7-F42E-4D82-9A3D-74AA51118A40}"
EndProject
Project("{9A19103F-16F7-4668-BE54-9A1E7A4F7556}") = "TheChat.Core", "TheChat.Core\TheChat.Core.csproj", "{BD93F604-3453-45B0-A310-AFA665F9777F}"
EndProject
Project("{9A19103F-16F7-4668-BE54-9A1E7A4F7556}") = "TheChat.Client", "TheChat.Client\TheChat.Client.csproj", "{581726B7-05A3-4EB2-8B82-8192D176FB29}"
EndProject
Project("{9A19103F-16F7-4668-BE54-9A1E7A4F7556}") = "TheChat.Messages", "TheChat.Messages\TheChat.Messages.csproj", "{3280330F-EC10-4F26-A9E1-2B228FEAA0A2}"
EndProject
Global
	GlobalSection(SolutionConfigurationPlatforms) = preSolution
		Debug|Any CPU = Debug|Any CPU
		Debug|iPhone = Debug|iPhone
		Debug|iPhoneSimulator = Debug|iPhoneSimulator
		Release|Any CPU = Release|Any CPU
		Release|iPhone = Release|iPhone
		Release|iPhoneSimulator = Release|iPhoneSimulator
	EndGlobalSection
	GlobalSection(ProjectConfigurationPlatforms) = postSolution
		{BBD9A1E7-F42E-4D82-9A3D-74AA51118A40}.Debug|Any CPU.ActiveCfg = Debug|Any CPU
		{BBD9A1E7-F42E-4D82-9A3D-74AA51118A40}.Debug|Any CPU.Build.0 = Debug|Any CPU
		{BBD9A1E7-F42E-4D82-9A3D-74AA51118A40}.Debug|iPhone.ActiveCfg = Debug|Any CPU
		{BBD9A1E7-F42E-4D82-9A3D-74AA51118A40}.Debug|iPhone.Build.0 = Debug|Any CPU
		{BBD9A1E7-F42E-4D82-9A3D-74AA51118A40}.Debug|iPhoneSimulator.ActiveCfg = Debug|Any CPU
		{BBD9A1E7-F42E-4D82-9A3D-74AA51118A40}.Debug|iPhoneSimulator.Build.0 = Debug|Any CPU
		{BBD9A1E7-F42E-4D82-9A3D-74AA51118A40}.Release|Any CPU.ActiveCfg = Release|Any CPU
		{BBD9A1E7-F42E-4D82-9A3D-74AA51118A40}.Release|Any CPU.Build.0 = Release|Any CPU
		{BBD9A1E7-F42E-4D82-9A3D-74AA51118A40}.Release|iPhone.ActiveCfg = Release|Any CPU
		{BBD9A1E7-F42E-4D82-9A3D-74AA51118A40}.Release|iPhone.Build.0 = Release|Any CPU
		{BBD9A1E7-F42E-4D82-9A3D-74AA51118A40}.Release|iPhoneSimulator.ActiveCfg = Release|Any CPU
		{BBD9A1E7-F42E-4D82-9A3D-74AA51118A40}.Release|iPhoneSimulator.Build.0 = Release|Any CPU
		{BD93F604-3453-45B0-A310-AFA665F9777F}.Debug|Any CPU.ActiveCfg = Debug|Any CPU
		{BD93F604-3453-45B0-A310-AFA665F9777F}.Debug|Any CPU.Build.0 = Debug|Any CPU
		{BD93F604-3453-45B0-A310-AFA665F9777F}.Debug|iPhone.ActiveCfg = Debug|Any CPU
		{BD93F604-3453-45B0-A310-AFA665F9777F}.Debug|iPhone.Build.0 = Debug|Any CPU
		{BD93F604-3453-45B0-A310-AFA665F9777F}.Debug|iPhoneSimulator.ActiveCfg = Debug|Any CPU
		{BD93F604-3453-45B0-A310-AFA665F9777F}.Debug|iPhoneSimulator.Build.0 = Debug|Any CPU
		{BD93F604-3453-45B0-A310-AFA665F9777F}.Release|Any CPU.ActiveCfg = Release|Any CPU
		{BD93F604-3453-45B0-A310-AFA665F9777F}.Release|Any CPU.Build.0 = Release|Any CPU
		{BD93F604-3453-45B0-A310-AFA665F9777F}.Release|iPhone.ActiveCfg = Release|Any CPU
		{BD93F604-3453-45B0-A310-AFA665F9777F}.Release|iPhone.Build.0 = Release|Any CPU
		{BD93F604-3453-45B0-A310-AFA665F9777F}.Release|iPhoneSimulator.ActiveCfg = Release|Any CPU
		{BD93F604-3453-45B0-A310-AFA665F9777F}.Release|iPhoneSimulator.Build.0 = Release|Any CPU
		{581726B7-05A3-4EB2-8B82-8192D176FB29}.Debug|Any CPU.ActiveCfg = Debug|Any CPU
		{581726B7-05A3-4EB2-8B82-8192D176FB29}.Debug|Any CPU.Build.0 = Debug|Any CPU
		{581726B7-05A3-4EB2-8B82-8192D176FB29}.Debug|iPhone.ActiveCfg = Debug|Any CPU
		{581726B7-05A3-4EB2-8B82-8192D176FB29}.Debug|iPhone.Build.0 = Debug|Any CPU
		{581726B7-05A3-4EB2-8B82-8192D176FB29}.Debug|iPhoneSimulator.ActiveCfg = Debug|Any CPU
		{581726B7-05A3-4EB2-8B82-8192D176FB29}.Debug|iPhoneSimulator.Build.0 = Debug|Any CPU
		{581726B7-05A3-4EB2-8B82-8192D176FB29}.Release|Any CPU.ActiveCfg = Release|Any CPU
		{581726B7-05A3-4EB2-8B82-8192D176FB29}.Release|Any CPU.Build.0 = Release|Any CPU
		{581726B7-05A3-4EB2-8B82-8192D176FB29}.Release|iPhone.ActiveCfg = Release|Any CPU
		{581726B7-05A3-4EB2-8B82-8192D176FB29}.Release|iPhone.Build.0 = Release|Any CPU
		{581726B7-05A3-4EB2-8B82-8192D176FB29}.Release|iPhoneSimulator.ActiveCfg = Release|Any CPU
		{581726B7-05A3-4EB2-8B82-8192D176FB29}.Release|iPhoneSimulator.Build.0 = Release|Any CPU
		{3280330F-EC10-4F26-A9E1-2B228FEAA0A2}.Debug|Any CPU.ActiveCfg = Debug|Any CPU
		{3280330F-EC10-4F26-A9E1-2B228FEAA0A2}.Debug|Any CPU.Build.0 = Debug|Any CPU
		{3280330F-EC10-4F26-A9E1-2B228FEAA0A2}.Debug|iPhone.ActiveCfg = Debug|Any CPU
		{3280330F-EC10-4F26-A9E1-2B228FEAA0A2}.Debug|iPhone.Build.0 = Debug|Any CPU
		{3280330F-EC10-4F26-A9E1-2B228FEAA0A2}.Debug|iPhoneSimulator.ActiveCfg = Debug|Any CPU
		{3280330F-EC10-4F26-A9E1-2B228FEAA0A2}.Debug|iPhoneSimulator.Build.0 = Debug|Any CPU
		{3280330F-EC10-4F26-A9E1-2B228FEAA0A2}.Release|Any CPU.ActiveCfg = Release|Any CPU
		{3280330F-EC10-4F26-A9E1-2B228FEAA0A2}.Release|Any CPU.Build.0 = Release|Any CPU
		{3280330F-EC10-4F26-A9E1-2B228FEAA0A2}.Release|iPhone.ActiveCfg = Release|Any CPU
		{3280330F-EC10-4F26-A9E1-2B228FEAA0A2}.Release|iPhone.Build.0 = Release|Any CPU
		{3280330F-EC10-4F26-A9E1-2B228FEAA0A2}.Release|iPhoneSimulator.ActiveCfg = Release|Any CPU
		{3280330F-EC10-4F26-A9E1-2B228FEAA0A2}.Release|iPhoneSimulator.Build.0 = Release|Any CPU
	EndGlobalSection
	GlobalSection(SolutionProperties) = preSolution
		HideSolutionNode = FALSE
	EndGlobalSection
	GlobalSection(ExtensibilityGlobals) = postSolution
		SolutionGuid = {33455231-F145-46CD-8873-A22FDF957B15}
	EndGlobalSection
EndGlobal
